
Microsoft Visual Studio Solution File, Format Version 12.00
# Visual Studio Version 17
VisualStudioVersion = 17.10.35004.147
MinimumVisualStudioVersion = 10.0.40219.1
Project("{FAE04EC0-301F-11D3-BF4B-00C04F79EFBC}") = "EmployeeClock", "EmployeeClock\EmployeeClock.csproj", "{1DE5B22C-3E0A-48D7-A30F-F361B5ABCFE5}"
EndProject
Global
	GlobalSection(SolutionConfigurationPlatforms) = preSolution
		Debug|Any CPU = Debug|Any CPU
		Release|Any CPU = Release|Any CPU
	EndGlobalSection
	GlobalSection(ProjectConfigurationPlatforms) = postSolution
		{1DE5B22C-3E0A-48D7-A30F-F361B5ABCFE5}.Debug|Any CPU.ActiveCfg = Debug|Any CPU
		{1DE5B22C-3E0A-48D7-A30F-F361B5ABCFE5}.Debug|Any CPU.Build.0 = Debug|Any CPU
		{1DE5B22C-3E0A-48D7-A30F-F361B5ABCFE5}.Release|Any CPU.ActiveCfg = Release|Any CPU
		{1DE5B22C-3E0A-48D7-A30F-F361B5ABCFE5}.Release|Any CPU.Build.0 = Release|Any CPU
	EndGlobalSection
	GlobalSection(SolutionProperties) = preSolution
		HideSolutionNode = FALSE
	EndGlobalSection
	GlobalSection(ExtensibilityGlobals) = postSolution
		SolutionGuid = {2944CB3B-5533-4AA8-87B5-FBE056B4AD86}
	EndGlobalSection
EndGlobal
